// !$*UTF8*$!
{
	archiveVersion = 1;
	classes = {
	};
	objectVersion = 56;
	objects = {

/* Begin PBXBuildFile section */
		4EFE89612B7FB58D0094E014 /* rickandmortyApp.swift in Sources */ = {isa = PBXBuildFile; fileRef = 4EFE89602B7FB58D0094E014 /* rickandmortyApp.swift */; };
		4EFE89652B7FB58E0094E014 /* Assets.xcassets in Resources */ = {isa = PBXBuildFile; fileRef = 4EFE89642B7FB58E0094E014 /* Assets.xcassets */; };
		4EFE89682B7FB58E0094E014 /* Preview Assets.xcassets in Resources */ = {isa = PBXBuildFile; fileRef = 4EFE89672B7FB58E0094E014 /* Preview Assets.xcassets */; };
		4EFE89722B7FB58E0094E014 /* CharactersListViewModelTest.swift in Sources */ = {isa = PBXBuildFile; fileRef = 4EFE89712B7FB58E0094E014 /* CharactersListViewModelTest.swift */; };
		4EFE898B2B7FB7E90094E014 /* RouterView.swift in Sources */ = {isa = PBXBuildFile; fileRef = 4EFE898A2B7FB7E90094E014 /* RouterView.swift */; };
		4EFE898E2B7FB8780094E014 /* CharactersListViewModel.swift in Sources */ = {isa = PBXBuildFile; fileRef = 4EFE898D2B7FB8780094E014 /* CharactersListViewModel.swift */; };
		4EFE89902B7FB8B60094E014 /* CharactersListView.swift in Sources */ = {isa = PBXBuildFile; fileRef = 4EFE898F2B7FB8B60094E014 /* CharactersListView.swift */; };
		4EFE89922B7FB9760094E014 /* CharactersListViewState.swift in Sources */ = {isa = PBXBuildFile; fileRef = 4EFE89912B7FB9760094E014 /* CharactersListViewState.swift */; };
		4EFE89942B7FBA3D0094E014 /* CharactersListRouter.swift in Sources */ = {isa = PBXBuildFile; fileRef = 4EFE89932B7FBA3D0094E014 /* CharactersListRouter.swift */; };
		4EFE89962B7FBBF30094E014 /* CharactersListService.swift in Sources */ = {isa = PBXBuildFile; fileRef = 4EFE89952B7FBBF30094E014 /* CharactersListService.swift */; };
		4EFE89982B7FBD030094E014 /* Service.swift in Sources */ = {isa = PBXBuildFile; fileRef = 4EFE89972B7FBD030094E014 /* Service.swift */; };
		4EFE899A2B7FC1D60094E014 /* CharactersListPage.swift in Sources */ = {isa = PBXBuildFile; fileRef = 4EFE89992B7FC1D60094E014 /* CharactersListPage.swift */; };
		4EFE899C2B7FE9AA0094E014 /* CharactersListRow.swift in Sources */ = {isa = PBXBuildFile; fileRef = 4EFE899B2B7FE9AA0094E014 /* CharactersListRow.swift */; };
		4EFE89A52B8036D50094E014 /* CharactersDetailsView.swift in Sources */ = {isa = PBXBuildFile; fileRef = 4EFE89A02B8036D50094E014 /* CharactersDetailsView.swift */; };
		4EFE89A72B8036D50094E014 /* CharactersDetailsViewState.swift in Sources */ = {isa = PBXBuildFile; fileRef = 4EFE89A22B8036D50094E014 /* CharactersDetailsViewState.swift */; };
		4EFE89A82B8036D50094E014 /* CharactersDetailsRouter.swift in Sources */ = {isa = PBXBuildFile; fileRef = 4EFE89A32B8036D50094E014 /* CharactersDetailsRouter.swift */; };
		4EFE89A92B8036D50094E014 /* CharactersDetailsViewModel.swift in Sources */ = {isa = PBXBuildFile; fileRef = 4EFE89A42B8036D50094E014 /* CharactersDetailsViewModel.swift */; };
		4EFE89AB2B8037050094E014 /* CharactersDetailsService.swift in Sources */ = {isa = PBXBuildFile; fileRef = 4EFE89AA2B8037050094E014 /* CharactersDetailsService.swift */; };
		4EFE89AD2B80C6770094E014 /* CharactersDetailsViewModelTest.swift in Sources */ = {isa = PBXBuildFile; fileRef = 4EFE89AC2B80C6770094E014 /* CharactersDetailsViewModelTest.swift */; };
		4EFE89AF2B813E440094E014 /* EpisodesListPage.swift in Sources */ = {isa = PBXBuildFile; fileRef = 4EFE89AE2B813E440094E014 /* EpisodesListPage.swift */; };
		4EFE89B32B8157A00094E014 /* EpisodeCharacterView.swift in Sources */ = {isa = PBXBuildFile; fileRef = 4EFE89B22B8157A00094E014 /* EpisodeCharacterView.swift */; };
		4EFE89B52B829A320094E014 /* EpisodeSectionView.swift in Sources */ = {isa = PBXBuildFile; fileRef = 4EFE89B42B829A310094E014 /* EpisodeSectionView.swift */; };
		4EFE89B82B8368400094E014 /* DesigneBook.swift in Sources */ = {isa = PBXBuildFile; fileRef = 4EFE89B72B8368400094E014 /* DesigneBook.swift */; };
		4EFE89BC2B8389DE0094E014 /* Localizable.xcstrings in Resources */ = {isa = PBXBuildFile; fileRef = 4EFE89BB2B8389DE0094E014 /* Localizable.xcstrings */; };
		4EFE89D42B83FE5B0094E014 /* AddaptiveStack.swift in Sources */ = {isa = PBXBuildFile; fileRef = 4EFE89D32B83FE5B0094E014 /* AddaptiveStack.swift */; };
		4EFE89D62B84033A0094E014 /* OfflineService.swift in Sources */ = {isa = PBXBuildFile; fileRef = 4EFE89D52B84033A0094E014 /* OfflineService.swift */; };
		4EFE89D92B8403F40094E014 /* RickAndMortyDataModel.xcdatamodeld in Sources */ = {isa = PBXBuildFile; fileRef = 4EFE89D72B8403F40094E014 /* RickAndMortyDataModel.xcdatamodeld */; };
		4EFE89E72B84395E0094E014 /* ServiceSelector.swift in Sources */ = {isa = PBXBuildFile; fileRef = 4EFE89E62B84395E0094E014 /* ServiceSelector.swift */; };
		4EFE89EB2B84AA040094E014 /* RouterViewModel.swift in Sources */ = {isa = PBXBuildFile; fileRef = 4EFE89EA2B84AA040094E014 /* RouterViewModel.swift */; };
		4EFE89ED2B84AA980094E014 /* RouterViewState.swift in Sources */ = {isa = PBXBuildFile; fileRef = 4EFE89EC2B84AA980094E014 /* RouterViewState.swift */; };
		4EFE89F02B84C7C00094E014 /* OfflineService+CachingService.swift in Sources */ = {isa = PBXBuildFile; fileRef = 4EFE89EF2B84C7C00094E014 /* OfflineService+CachingService.swift */; };
/* End PBXBuildFile section */

/* Begin PBXContainerItemProxy section */
		4EFE896E2B7FB58E0094E014 /* PBXContainerItemProxy */ = {
			isa = PBXContainerItemProxy;
			containerPortal = 4EFE89552B7FB58D0094E014 /* Project object */;
			proxyType = 1;
			remoteGlobalIDString = 4EFE895C2B7FB58D0094E014;
			remoteInfo = rickandmorty;
		};
/* End PBXContainerItemProxy section */

/* Begin PBXFileReference section */
		4EFE895D2B7FB58D0094E014 /* rickandmorty.app */ = {isa = PBXFileReference; explicitFileType = wrapper.application; includeInIndex = 0; path = rickandmorty.app; sourceTree = BUILT_PRODUCTS_DIR; };
		4EFE89602B7FB58D0094E014 /* rickandmortyApp.swift */ = {isa = PBXFileReference; lastKnownFileType = sourcecode.swift; path = rickandmortyApp.swift; sourceTree = "<group>"; };
		4EFE89642B7FB58E0094E014 /* Assets.xcassets */ = {isa = PBXFileReference; lastKnownFileType = folder.assetcatalog; path = Assets.xcassets; sourceTree = "<group>"; };
		4EFE89672B7FB58E0094E014 /* Preview Assets.xcassets */ = {isa = PBXFileReference; lastKnownFileType = folder.assetcatalog; path = "Preview Assets.xcassets"; sourceTree = "<group>"; };
		4EFE896D2B7FB58E0094E014 /* rickandmortyTests.xctest */ = {isa = PBXFileReference; explicitFileType = wrapper.cfbundle; includeInIndex = 0; path = rickandmortyTests.xctest; sourceTree = BUILT_PRODUCTS_DIR; };
		4EFE89712B7FB58E0094E014 /* CharactersListViewModelTest.swift */ = {isa = PBXFileReference; lastKnownFileType = sourcecode.swift; path = CharactersListViewModelTest.swift; sourceTree = "<group>"; };
		4EFE898A2B7FB7E90094E014 /* RouterView.swift */ = {isa = PBXFileReference; lastKnownFileType = sourcecode.swift; path = RouterView.swift; sourceTree = "<group>"; };
		4EFE898D2B7FB8780094E014 /* CharactersListViewModel.swift */ = {isa = PBXFileReference; lastKnownFileType = sourcecode.swift; path = CharactersListViewModel.swift; sourceTree = "<group>"; };
		4EFE898F2B7FB8B60094E014 /* CharactersListView.swift */ = {isa = PBXFileReference; lastKnownFileType = sourcecode.swift; path = CharactersListView.swift; sourceTree = "<group>"; };
		4EFE89912B7FB9760094E014 /* CharactersListViewState.swift */ = {isa = PBXFileReference; lastKnownFileType = sourcecode.swift; path = CharactersListViewState.swift; sourceTree = "<group>"; };
		4EFE89932B7FBA3D0094E014 /* CharactersListRouter.swift */ = {isa = PBXFileReference; lastKnownFileType = sourcecode.swift; path = CharactersListRouter.swift; sourceTree = "<group>"; };
		4EFE89952B7FBBF30094E014 /* CharactersListService.swift */ = {isa = PBXFileReference; lastKnownFileType = sourcecode.swift; name = CharactersListService.swift; path = rickandmorty/Service/CharactersListService.swift; sourceTree = SOURCE_ROOT; };
		4EFE89972B7FBD030094E014 /* Service.swift */ = {isa = PBXFileReference; lastKnownFileType = sourcecode.swift; path = Service.swift; sourceTree = "<group>"; };
		4EFE89992B7FC1D60094E014 /* CharactersListPage.swift */ = {isa = PBXFileReference; lastKnownFileType = sourcecode.swift; path = CharactersListPage.swift; sourceTree = "<group>"; };
		4EFE899B2B7FE9AA0094E014 /* CharactersListRow.swift */ = {isa = PBXFileReference; lastKnownFileType = sourcecode.swift; path = CharactersListRow.swift; sourceTree = "<group>"; };
		4EFE89A02B8036D50094E014 /* CharactersDetailsView.swift */ = {isa = PBXFileReference; fileEncoding = 4; lastKnownFileType = sourcecode.swift; path = CharactersDetailsView.swift; sourceTree = "<group>"; };
		4EFE89A22B8036D50094E014 /* CharactersDetailsViewState.swift */ = {isa = PBXFileReference; fileEncoding = 4; lastKnownFileType = sourcecode.swift; path = CharactersDetailsViewState.swift; sourceTree = "<group>"; };
		4EFE89A32B8036D50094E014 /* CharactersDetailsRouter.swift */ = {isa = PBXFileReference; fileEncoding = 4; lastKnownFileType = sourcecode.swift; path = CharactersDetailsRouter.swift; sourceTree = "<group>"; };
		4EFE89A42B8036D50094E014 /* CharactersDetailsViewModel.swift */ = {isa = PBXFileReference; fileEncoding = 4; lastKnownFileType = sourcecode.swift; path = CharactersDetailsViewModel.swift; sourceTree = "<group>"; };
		4EFE89AA2B8037050094E014 /* CharactersDetailsService.swift */ = {isa = PBXFileReference; lastKnownFileType = sourcecode.swift; path = CharactersDetailsService.swift; sourceTree = "<group>"; };
		4EFE89AC2B80C6770094E014 /* CharactersDetailsViewModelTest.swift */ = {isa = PBXFileReference; fileEncoding = 4; lastKnownFileType = sourcecode.swift; path = CharactersDetailsViewModelTest.swift; sourceTree = "<group>"; };
		4EFE89AE2B813E440094E014 /* EpisodesListPage.swift */ = {isa = PBXFileReference; lastKnownFileType = sourcecode.swift; path = EpisodesListPage.swift; sourceTree = "<group>"; };
		4EFE89B22B8157A00094E014 /* EpisodeCharacterView.swift */ = {isa = PBXFileReference; fileEncoding = 4; lastKnownFileType = sourcecode.swift; path = EpisodeCharacterView.swift; sourceTree = "<group>"; };
		4EFE89B42B829A310094E014 /* EpisodeSectionView.swift */ = {isa = PBXFileReference; fileEncoding = 4; lastKnownFileType = sourcecode.swift; path = EpisodeSectionView.swift; sourceTree = "<group>"; };
		4EFE89B72B8368400094E014 /* DesigneBook.swift */ = {isa = PBXFileReference; fileEncoding = 4; lastKnownFileType = sourcecode.swift; path = DesigneBook.swift; sourceTree = "<group>"; };
		4EFE89BB2B8389DE0094E014 /* Localizable.xcstrings */ = {isa = PBXFileReference; fileEncoding = 4; lastKnownFileType = text.json.xcstrings; path = Localizable.xcstrings; sourceTree = "<group>"; };
		4EFE89D32B83FE5B0094E014 /* AddaptiveStack.swift */ = {isa = PBXFileReference; lastKnownFileType = sourcecode.swift; path = AddaptiveStack.swift; sourceTree = "<group>"; };
		4EFE89D52B84033A0094E014 /* OfflineService.swift */ = {isa = PBXFileReference; lastKnownFileType = sourcecode.swift; path = OfflineService.swift; sourceTree = "<group>"; };
		4EFE89D82B8403F40094E014 /* RickAndMortyDataModel.xcdatamodel */ = {isa = PBXFileReference; lastKnownFileType = wrapper.xcdatamodel; path = RickAndMortyDataModel.xcdatamodel; sourceTree = "<group>"; };
		4EFE89E62B84395E0094E014 /* ServiceSelector.swift */ = {isa = PBXFileReference; lastKnownFileType = sourcecode.swift; path = ServiceSelector.swift; sourceTree = "<group>"; };
		4EFE89EA2B84AA040094E014 /* RouterViewModel.swift */ = {isa = PBXFileReference; lastKnownFileType = sourcecode.swift; path = RouterViewModel.swift; sourceTree = "<group>"; };
		4EFE89EC2B84AA980094E014 /* RouterViewState.swift */ = {isa = PBXFileReference; lastKnownFileType = sourcecode.swift; path = RouterViewState.swift; sourceTree = "<group>"; };
		4EFE89EF2B84C7C00094E014 /* OfflineService+CachingService.swift */ = {isa = PBXFileReference; lastKnownFileType = sourcecode.swift; path = "OfflineService+CachingService.swift"; sourceTree = "<group>"; };
/* End PBXFileReference section */

/* Begin PBXFrameworksBuildPhase section */
		4EFE895A2B7FB58D0094E014 /* Frameworks */ = {
			isa = PBXFrameworksBuildPhase;
			buildActionMask = 2147483647;
			files = (
			);
			runOnlyForDeploymentPostprocessing = 0;
		};
		4EFE896A2B7FB58E0094E014 /* Frameworks */ = {
			isa = PBXFrameworksBuildPhase;
			buildActionMask = 2147483647;
			files = (
			);
			runOnlyForDeploymentPostprocessing = 0;
		};
/* End PBXFrameworksBuildPhase section */

/* Begin PBXGroup section */
		4EFE89542B7FB58D0094E014 = {
			isa = PBXGroup;
			children = (
				4EFE895F2B7FB58D0094E014 /* rickandmorty */,
				4EFE89702B7FB58E0094E014 /* rickandmortyTests */,
				4EFE895E2B7FB58D0094E014 /* Products */,
			);
			sourceTree = "<group>";
		};
		4EFE895E2B7FB58D0094E014 /* Products */ = {
			isa = PBXGroup;
			children = (
				4EFE895D2B7FB58D0094E014 /* rickandmorty.app */,
				4EFE896D2B7FB58E0094E014 /* rickandmortyTests.xctest */,
			);
			name = Products;
			sourceTree = "<group>";
		};
		4EFE895F2B7FB58D0094E014 /* rickandmorty */ = {
			isa = PBXGroup;
			children = (
				4EFE89D72B8403F40094E014 /* RickAndMortyDataModel.xcdatamodeld */,
				4EFE89C32B83C5520094E014 /* Service */,
				4EFE89B72B8368400094E014 /* DesigneBook.swift */,
				4EFE898C2B7FB8620094E014 /* CharactersList */,
				4EFE899E2B8036D50094E014 /* CharactersDetails */,
				4EFE89602B7FB58D0094E014 /* rickandmortyApp.swift */,
				4EFE89EE2B84B30B0094E014 /* Router */,
				4EFE89642B7FB58E0094E014 /* Assets.xcassets */,
				4EFE89BB2B8389DE0094E014 /* Localizable.xcstrings */,
				4EFE89662B7FB58E0094E014 /* Preview Content */,
			);
			path = rickandmorty;
			sourceTree = "<group>";
		};
		4EFE89662B7FB58E0094E014 /* Preview Content */ = {
			isa = PBXGroup;
			children = (
				4EFE89672B7FB58E0094E014 /* Preview Assets.xcassets */,
			);
			path = "Preview Content";
			sourceTree = "<group>";
		};
		4EFE89702B7FB58E0094E014 /* rickandmortyTests */ = {
			isa = PBXGroup;
			children = (
				4EFE89712B7FB58E0094E014 /* CharactersListViewModelTest.swift */,
				4EFE89AC2B80C6770094E014 /* CharactersDetailsViewModelTest.swift */,
			);
			path = rickandmortyTests;
			sourceTree = "<group>";
		};
		4EFE898C2B7FB8620094E014 /* CharactersList */ = {
			isa = PBXGroup;
			children = (
				4EFE898D2B7FB8780094E014 /* CharactersListViewModel.swift */,
				4EFE899D2B7FEAAC0094E014 /* View */,
				4EFE89912B7FB9760094E014 /* CharactersListViewState.swift */,
				4EFE89932B7FBA3D0094E014 /* CharactersListRouter.swift */,
			);
			path = CharactersList;
			sourceTree = "<group>";
		};
		4EFE899D2B7FEAAC0094E014 /* View */ = {
			isa = PBXGroup;
			children = (
				4EFE898F2B7FB8B60094E014 /* CharactersListView.swift */,
				4EFE899B2B7FE9AA0094E014 /* CharactersListRow.swift */,
			);
			path = View;
			sourceTree = "<group>";
		};
		4EFE899E2B8036D50094E014 /* CharactersDetails */ = {
			isa = PBXGroup;
			children = (
				4EFE89A42B8036D50094E014 /* CharactersDetailsViewModel.swift */,
				4EFE89C42B83C5B10094E014 /* View */,
				4EFE89A22B8036D50094E014 /* CharactersDetailsViewState.swift */,
				4EFE89A32B8036D50094E014 /* CharactersDetailsRouter.swift */,
			);
			path = CharactersDetails;
			sourceTree = "<group>";
		};
		4EFE89C32B83C5520094E014 /* Service */ = {
			isa = PBXGroup;
			children = (
				4EFE89972B7FBD030094E014 /* Service.swift */,
				4EFE89D52B84033A0094E014 /* OfflineService.swift */,
				4EFE89EF2B84C7C00094E014 /* OfflineService+CachingService.swift */,
				4EFE89E62B84395E0094E014 /* ServiceSelector.swift */,
				4EFE89952B7FBBF30094E014 /* CharactersListService.swift */,
				4EFE89AA2B8037050094E014 /* CharactersDetailsService.swift */,
				4EFE89992B7FC1D60094E014 /* CharactersListPage.swift */,
				4EFE89AE2B813E440094E014 /* EpisodesListPage.swift */,
			);
			path = Service;
			sourceTree = "<group>";
		};
		4EFE89C42B83C5B10094E014 /* View */ = {
			isa = PBXGroup;
			children = (
				4EFE89A02B8036D50094E014 /* CharactersDetailsView.swift */,
				4EFE89D32B83FE5B0094E014 /* AddaptiveStack.swift */,
				4EFE89B42B829A310094E014 /* EpisodeSectionView.swift */,
				4EFE89B22B8157A00094E014 /* EpisodeCharacterView.swift */,
			);
			path = View;
			sourceTree = "<group>";
		};
		4EFE89EE2B84B30B0094E014 /* Router */ = {
			isa = PBXGroup;
			children = (
				4EFE898A2B7FB7E90094E014 /* RouterView.swift */,
				4EFE89EA2B84AA040094E014 /* RouterViewModel.swift */,
				4EFE89EC2B84AA980094E014 /* RouterViewState.swift */,
			);
			path = Router;
			sourceTree = "<group>";
		};
/* End PBXGroup section */

/* Begin PBXNativeTarget section */
		4EFE895C2B7FB58D0094E014 /* rickandmorty */ = {
			isa = PBXNativeTarget;
			buildConfigurationList = 4EFE89812B7FB58E0094E014 /* Build configuration list for PBXNativeTarget "rickandmorty" */;
			buildPhases = (
				4EFE89592B7FB58D0094E014 /* Sources */,
				4EFE895A2B7FB58D0094E014 /* Frameworks */,
				4EFE895B2B7FB58D0094E014 /* Resources */,
			);
			buildRules = (
			);
			dependencies = (
			);
			name = rickandmorty;
			productName = rickandmorty;
			productReference = 4EFE895D2B7FB58D0094E014 /* rickandmorty.app */;
			productType = "com.apple.product-type.application";
		};
		4EFE896C2B7FB58E0094E014 /* rickandmortyTests */ = {
			isa = PBXNativeTarget;
			buildConfigurationList = 4EFE89842B7FB58E0094E014 /* Build configuration list for PBXNativeTarget "rickandmortyTests" */;
			buildPhases = (
				4EFE89692B7FB58E0094E014 /* Sources */,
				4EFE896A2B7FB58E0094E014 /* Frameworks */,
				4EFE896B2B7FB58E0094E014 /* Resources */,
			);
			buildRules = (
			);
			dependencies = (
				4EFE896F2B7FB58E0094E014 /* PBXTargetDependency */,
			);
			name = rickandmortyTests;
			productName = rickandmortyTests;
			productReference = 4EFE896D2B7FB58E0094E014 /* rickandmortyTests.xctest */;
			productType = "com.apple.product-type.bundle.unit-test";
		};
/* End PBXNativeTarget section */

/* Begin PBXProject section */
		4EFE89552B7FB58D0094E014 /* Project object */ = {
			isa = PBXProject;
			attributes = {
				BuildIndependentTargetsInParallel = 1;
				LastSwiftUpdateCheck = 1500;
				LastUpgradeCheck = 1500;
				TargetAttributes = {
					4EFE895C2B7FB58D0094E014 = {
						CreatedOnToolsVersion = 15.0.1;
					};
					4EFE896C2B7FB58E0094E014 = {
						CreatedOnToolsVersion = 15.0.1;
						TestTargetID = 4EFE895C2B7FB58D0094E014;
					};
				};
			};
			buildConfigurationList = 4EFE89582B7FB58D0094E014 /* Build configuration list for PBXProject "rickandmorty" */;
			compatibilityVersion = "Xcode 14.0";
			developmentRegion = en;
			hasScannedForEncodings = 0;
			knownRegions = (
				en,
				ka,
			);
			mainGroup = 4EFE89542B7FB58D0094E014;
			productRefGroup = 4EFE895E2B7FB58D0094E014 /* Products */;
			projectDirPath = "";
			projectRoot = "";
			targets = (
				4EFE895C2B7FB58D0094E014 /* rickandmorty */,
				4EFE896C2B7FB58E0094E014 /* rickandmortyTests */,
			);
		};
/* End PBXProject section */

/* Begin PBXResourcesBuildPhase section */
		4EFE895B2B7FB58D0094E014 /* Resources */ = {
			isa = PBXResourcesBuildPhase;
			buildActionMask = 2147483647;
			files = (
				4EFE89682B7FB58E0094E014 /* Preview Assets.xcassets in Resources */,
				4EFE89652B7FB58E0094E014 /* Assets.xcassets in Resources */,
				4EFE89BC2B8389DE0094E014 /* Localizable.xcstrings in Resources */,
			);
			runOnlyForDeploymentPostprocessing = 0;
		};
		4EFE896B2B7FB58E0094E014 /* Resources */ = {
			isa = PBXResourcesBuildPhase;
			buildActionMask = 2147483647;
			files = (
			);
			runOnlyForDeploymentPostprocessing = 0;
		};
/* End PBXResourcesBuildPhase section */

/* Begin PBXSourcesBuildPhase section */
		4EFE89592B7FB58D0094E014 /* Sources */ = {
			isa = PBXSourcesBuildPhase;
			buildActionMask = 2147483647;
			files = (
				4EFE89D62B84033A0094E014 /* OfflineService.swift in Sources */,
				4EFE89AB2B8037050094E014 /* CharactersDetailsService.swift in Sources */,
				4EFE89D92B8403F40094E014 /* RickAndMortyDataModel.xcdatamodeld in Sources */,
				4EFE89ED2B84AA980094E014 /* RouterViewState.swift in Sources */,
				4EFE89922B7FB9760094E014 /* CharactersListViewState.swift in Sources */,
				4EFE89A52B8036D50094E014 /* CharactersDetailsView.swift in Sources */,
				4EFE89A72B8036D50094E014 /* CharactersDetailsViewState.swift in Sources */,
				4EFE89B52B829A320094E014 /* EpisodeSectionView.swift in Sources */,
				4EFE898E2B7FB8780094E014 /* CharactersListViewModel.swift in Sources */,
				4EFE899C2B7FE9AA0094E014 /* CharactersListRow.swift in Sources */,
				4EFE89B82B8368400094E014 /* DesigneBook.swift in Sources */,
				4EFE89AF2B813E440094E014 /* EpisodesListPage.swift in Sources */,
				4EFE89902B7FB8B60094E014 /* CharactersListView.swift in Sources */,
				4EFE89A82B8036D50094E014 /* CharactersDetailsRouter.swift in Sources */,
				4EFE89D42B83FE5B0094E014 /* AddaptiveStack.swift in Sources */,
				4EFE89962B7FBBF30094E014 /* CharactersListService.swift in Sources */,
				4EFE89B32B8157A00094E014 /* EpisodeCharacterView.swift in Sources */,
				4EFE89942B7FBA3D0094E014 /* CharactersListRouter.swift in Sources */,
				4EFE89E72B84395E0094E014 /* ServiceSelector.swift in Sources */,
				4EFE89F02B84C7C00094E014 /* OfflineService+CachingService.swift in Sources */,
				4EFE89982B7FBD030094E014 /* Service.swift in Sources */,
				4EFE899A2B7FC1D60094E014 /* CharactersListPage.swift in Sources */,
				4EFE898B2B7FB7E90094E014 /* RouterView.swift in Sources */,
				4EFE89EB2B84AA040094E014 /* RouterViewModel.swift in Sources */,
				4EFE89A92B8036D50094E014 /* CharactersDetailsViewModel.swift in Sources */,
				4EFE89612B7FB58D0094E014 /* rickandmortyApp.swift in Sources */,
			);
			runOnlyForDeploymentPostprocessing = 0;
		};
		4EFE89692B7FB58E0094E014 /* Sources */ = {
			isa = PBXSourcesBuildPhase;
			buildActionMask = 2147483647;
			files = (
				4EFE89722B7FB58E0094E014 /* CharactersListViewModelTest.swift in Sources */,
				4EFE89AD2B80C6770094E014 /* CharactersDetailsViewModelTest.swift in Sources */,
			);
			runOnlyForDeploymentPostprocessing = 0;
		};
/* End PBXSourcesBuildPhase section */

/* Begin PBXTargetDependency section */
		4EFE896F2B7FB58E0094E014 /* PBXTargetDependency */ = {
			isa = PBXTargetDependency;
			target = 4EFE895C2B7FB58D0094E014 /* rickandmorty */;
			targetProxy = 4EFE896E2B7FB58E0094E014 /* PBXContainerItemProxy */;
		};
/* End PBXTargetDependency section */

/* Begin XCBuildConfiguration section */
		4EFE897F2B7FB58E0094E014 /* Debug */ = {
			isa = XCBuildConfiguration;
			buildSettings = {
				ALWAYS_SEARCH_USER_PATHS = NO;
				ASSETCATALOG_COMPILER_GENERATE_SWIFT_ASSET_SYMBOL_EXTENSIONS = YES;
				CLANG_ANALYZER_NONNULL = YES;
				CLANG_ANALYZER_NUMBER_OBJECT_CONVERSION = YES_AGGRESSIVE;
				CLANG_CXX_LANGUAGE_STANDARD = "gnu++20";
				CLANG_ENABLE_MODULES = YES;
				CLANG_ENABLE_OBJC_ARC = YES;
				CLANG_ENABLE_OBJC_WEAK = YES;
				CLANG_WARN_BLOCK_CAPTURE_AUTORELEASING = YES;
				CLANG_WARN_BOOL_CONVERSION = YES;
				CLANG_WARN_COMMA = YES;
				CLANG_WARN_CONSTANT_CONVERSION = YES;
				CLANG_WARN_DEPRECATED_OBJC_IMPLEMENTATIONS = YES;
				CLANG_WARN_DIRECT_OBJC_ISA_USAGE = YES_ERROR;
				CLANG_WARN_DOCUMENTATION_COMMENTS = YES;
				CLANG_WARN_EMPTY_BODY = YES;
				CLANG_WARN_ENUM_CONVERSION = YES;
				CLANG_WARN_INFINITE_RECURSION = YES;
				CLANG_WARN_INT_CONVERSION = YES;
				CLANG_WARN_NON_LITERAL_NULL_CONVERSION = YES;
				CLANG_WARN_OBJC_IMPLICIT_RETAIN_SELF = YES;
				CLANG_WARN_OBJC_LITERAL_CONVERSION = YES;
				CLANG_WARN_OBJC_ROOT_CLASS = YES_ERROR;
				CLANG_WARN_QUOTED_INCLUDE_IN_FRAMEWORK_HEADER = YES;
				CLANG_WARN_RANGE_LOOP_ANALYSIS = YES;
				CLANG_WARN_STRICT_PROTOTYPES = YES;
				CLANG_WARN_SUSPICIOUS_MOVE = YES;
				CLANG_WARN_UNGUARDED_AVAILABILITY = YES_AGGRESSIVE;
				CLANG_WARN_UNREACHABLE_CODE = YES;
				CLANG_WARN__DUPLICATE_METHOD_MATCH = YES;
				COPY_PHASE_STRIP = NO;
				DEBUG_INFORMATION_FORMAT = dwarf;
				ENABLE_STRICT_OBJC_MSGSEND = YES;
				ENABLE_TESTABILITY = YES;
				ENABLE_USER_SCRIPT_SANDBOXING = YES;
				GCC_C_LANGUAGE_STANDARD = gnu17;
				GCC_DYNAMIC_NO_PIC = NO;
				GCC_NO_COMMON_BLOCKS = YES;
				GCC_OPTIMIZATION_LEVEL = 0;
				GCC_PREPROCESSOR_DEFINITIONS = (
					"DEBUG=1",
					"$(inherited)",
				);
				GCC_WARN_64_TO_32_BIT_CONVERSION = YES;
				GCC_WARN_ABOUT_RETURN_TYPE = YES_ERROR;
				GCC_WARN_UNDECLARED_SELECTOR = YES;
				GCC_WARN_UNINITIALIZED_AUTOS = YES_AGGRESSIVE;
				GCC_WARN_UNUSED_FUNCTION = YES;
				GCC_WARN_UNUSED_VARIABLE = YES;
				IPHONEOS_DEPLOYMENT_TARGET = 17.0;
				LOCALIZATION_PREFERS_STRING_CATALOGS = YES;
				MTL_ENABLE_DEBUG_INFO = INCLUDE_SOURCE;
				MTL_FAST_MATH = YES;
				ONLY_ACTIVE_ARCH = YES;
				SDKROOT = iphoneos;
				SWIFT_ACTIVE_COMPILATION_CONDITIONS = "DEBUG $(inherited)";
				SWIFT_OPTIMIZATION_LEVEL = "-Onone";
			};
			name = Debug;
		};
		4EFE89802B7FB58E0094E014 /* Release */ = {
			isa = XCBuildConfiguration;
			buildSettings = {
				ALWAYS_SEARCH_USER_PATHS = NO;
				ASSETCATALOG_COMPILER_GENERATE_SWIFT_ASSET_SYMBOL_EXTENSIONS = YES;
				CLANG_ANALYZER_NONNULL = YES;
				CLANG_ANALYZER_NUMBER_OBJECT_CONVERSION = YES_AGGRESSIVE;
				CLANG_CXX_LANGUAGE_STANDARD = "gnu++20";
				CLANG_ENABLE_MODULES = YES;
				CLANG_ENABLE_OBJC_ARC = YES;
				CLANG_ENABLE_OBJC_WEAK = YES;
				CLANG_WARN_BLOCK_CAPTURE_AUTORELEASING = YES;
				CLANG_WARN_BOOL_CONVERSION = YES;
				CLANG_WARN_COMMA = YES;
				CLANG_WARN_CONSTANT_CONVERSION = YES;
				CLANG_WARN_DEPRECATED_OBJC_IMPLEMENTATIONS = YES;
				CLANG_WARN_DIRECT_OBJC_ISA_USAGE = YES_ERROR;
				CLANG_WARN_DOCUMENTATION_COMMENTS = YES;
				CLANG_WARN_EMPTY_BODY = YES;
				CLANG_WARN_ENUM_CONVERSION = YES;
				CLANG_WARN_INFINITE_RECURSION = YES;
				CLANG_WARN_INT_CONVERSION = YES;
				CLANG_WARN_NON_LITERAL_NULL_CONVERSION = YES;
				CLANG_WARN_OBJC_IMPLICIT_RETAIN_SELF = YES;
				CLANG_WARN_OBJC_LITERAL_CONVERSION = YES;
				CLANG_WARN_OBJC_ROOT_CLASS = YES_ERROR;
				CLANG_WARN_QUOTED_INCLUDE_IN_FRAMEWORK_HEADER = YES;
				CLANG_WARN_RANGE_LOOP_ANALYSIS = YES;
				CLANG_WARN_STRICT_PROTOTYPES = YES;
				CLANG_WARN_SUSPICIOUS_MOVE = YES;
				CLANG_WARN_UNGUARDED_AVAILABILITY = YES_AGGRESSIVE;
				CLANG_WARN_UNREACHABLE_CODE = YES;
				CLANG_WARN__DUPLICATE_METHOD_MATCH = YES;
				COPY_PHASE_STRIP = NO;
				DEBUG_INFORMATION_FORMAT = "dwarf-with-dsym";
				ENABLE_NS_ASSERTIONS = NO;
				ENABLE_STRICT_OBJC_MSGSEND = YES;
				ENABLE_USER_SCRIPT_SANDBOXING = YES;
				GCC_C_LANGUAGE_STANDARD = gnu17;
				GCC_NO_COMMON_BLOCKS = YES;
				GCC_WARN_64_TO_32_BIT_CONVERSION = YES;
				GCC_WARN_ABOUT_RETURN_TYPE = YES_ERROR;
				GCC_WARN_UNDECLARED_SELECTOR = YES;
				GCC_WARN_UNINITIALIZED_AUTOS = YES_AGGRESSIVE;
				GCC_WARN_UNUSED_FUNCTION = YES;
				GCC_WARN_UNUSED_VARIABLE = YES;
				IPHONEOS_DEPLOYMENT_TARGET = 17.0;
				LOCALIZATION_PREFERS_STRING_CATALOGS = YES;
				MTL_ENABLE_DEBUG_INFO = NO;
				MTL_FAST_MATH = YES;
				SDKROOT = iphoneos;
				SWIFT_COMPILATION_MODE = wholemodule;
				VALIDATE_PRODUCT = YES;
			};
			name = Release;
		};
		4EFE89822B7FB58E0094E014 /* Debug */ = {
			isa = XCBuildConfiguration;
			buildSettings = {
				ASSETCATALOG_COMPILER_APPICON_NAME = AppIcon;
				ASSETCATALOG_COMPILER_GLOBAL_ACCENT_COLOR_NAME = AccentColor;
				CODE_SIGN_STYLE = Automatic;
				CURRENT_PROJECT_VERSION = 1;
				DEVELOPMENT_ASSET_PATHS = "\"rickandmorty/Preview Content\"";
				DEVELOPMENT_TEAM = J92UPG9528;
				ENABLE_PREVIEWS = YES;
				GENERATE_INFOPLIST_FILE = YES;
				INFOPLIST_KEY_UIApplicationSceneManifest_Generation = YES;
				INFOPLIST_KEY_UIApplicationSupportsIndirectInputEvents = YES;
				INFOPLIST_KEY_UILaunchScreen_Generation = YES;
				INFOPLIST_KEY_UISupportedInterfaceOrientations_iPad = "UIInterfaceOrientationPortrait UIInterfaceOrientationPortraitUpsideDown UIInterfaceOrientationLandscapeLeft UIInterfaceOrientationLandscapeRight";
				INFOPLIST_KEY_UISupportedInterfaceOrientations_iPhone = "UIInterfaceOrientationPortrait UIInterfaceOrientationLandscapeLeft UIInterfaceOrientationLandscapeRight";
				LD_RUNPATH_SEARCH_PATHS = (
					"$(inherited)",
					"@executable_path/Frameworks",
				);
				MARKETING_VERSION = 1.0;
				PRODUCT_BUNDLE_IDENTIFIER = org.some.rickandmorty;
				PRODUCT_NAME = "$(TARGET_NAME)";
				SWIFT_EMIT_LOC_STRINGS = YES;
				SWIFT_VERSION = 5.0;
				TARGETED_DEVICE_FAMILY = "1,2";
			};
			name = Debug;
		};
		4EFE89832B7FB58E0094E014 /* Release */ = {
			isa = XCBuildConfiguration;
			buildSettings = {
				ASSETCATALOG_COMPILER_APPICON_NAME = AppIcon;
				ASSETCATALOG_COMPILER_GLOBAL_ACCENT_COLOR_NAME = AccentColor;
				CODE_SIGN_STYLE = Automatic;
				CURRENT_PROJECT_VERSION = 1;
				DEVELOPMENT_ASSET_PATHS = "\"rickandmorty/Preview Content\"";
				DEVELOPMENT_TEAM = J92UPG9528;
				ENABLE_PREVIEWS = YES;
				GENERATE_INFOPLIST_FILE = YES;
				INFOPLIST_KEY_UIApplicationSceneManifest_Generation = YES;
				INFOPLIST_KEY_UIApplicationSupportsIndirectInputEvents = YES;
				INFOPLIST_KEY_UILaunchScreen_Generation = YES;
				INFOPLIST_KEY_UISupportedInterfaceOrientations_iPad = "UIInterfaceOrientationPortrait UIInterfaceOrientationPortraitUpsideDown UIInterfaceOrientationLandscapeLeft UIInterfaceOrientationLandscapeRight";
				INFOPLIST_KEY_UISupportedInterfaceOrientations_iPhone = "UIInterfaceOrientationPortrait UIInterfaceOrientationLandscapeLeft UIInterfaceOrientationLandscapeRight";
				LD_RUNPATH_SEARCH_PATHS = (
					"$(inherited)",
					"@executable_path/Frameworks",
				);
				MARKETING_VERSION = 1.0;
				PRODUCT_BUNDLE_IDENTIFIER = org.some.rickandmorty;
				PRODUCT_NAME = "$(TARGET_NAME)";
				SWIFT_EMIT_LOC_STRINGS = YES;
				SWIFT_VERSION = 5.0;
				TARGETED_DEVICE_FAMILY = "1,2";
			};
			name = Release;
		};
		4EFE89852B7FB58E0094E014 /* Debug */ = {
			isa = XCBuildConfiguration;
			buildSettings = {
				ALWAYS_EMBED_SWIFT_STANDARD_LIBRARIES = YES;
				BUNDLE_LOADER = "$(TEST_HOST)";
				CODE_SIGN_STYLE = Automatic;
				CURRENT_PROJECT_VERSION = 1;
				DEVELOPMENT_TEAM = J92UPG9528;
				GENERATE_INFOPLIST_FILE = YES;
				IPHONEOS_DEPLOYMENT_TARGET = 17.0;
				MARKETING_VERSION = 1.0;
				PRODUCT_BUNDLE_IDENTIFIER = org.some.rickandmortyTests;
				PRODUCT_NAME = "$(TARGET_NAME)";
				SWIFT_EMIT_LOC_STRINGS = NO;
				SWIFT_VERSION = 5.0;
				TARGETED_DEVICE_FAMILY = "1,2";
				TEST_HOST = "$(BUILT_PRODUCTS_DIR)/rickandmorty.app/$(BUNDLE_EXECUTABLE_FOLDER_PATH)/rickandmorty";
			};
			name = Debug;
		};
		4EFE89862B7FB58E0094E014 /* Release */ = {
			isa = XCBuildConfiguration;
			buildSettings = {
				ALWAYS_EMBED_SWIFT_STANDARD_LIBRARIES = YES;
				BUNDLE_LOADER = "$(TEST_HOST)";
				CODE_SIGN_STYLE = Automatic;
				CURRENT_PROJECT_VERSION = 1;
				DEVELOPMENT_TEAM = J92UPG9528;
				GENERATE_INFOPLIST_FILE = YES;
				IPHONEOS_DEPLOYMENT_TARGET = 17.0;
				MARKETING_VERSION = 1.0;
				PRODUCT_BUNDLE_IDENTIFIER = org.some.rickandmortyTests;
				PRODUCT_NAME = "$(TARGET_NAME)";
				SWIFT_EMIT_LOC_STRINGS = NO;
				SWIFT_VERSION = 5.0;
				TARGETED_DEVICE_FAMILY = "1,2";
				TEST_HOST = "$(BUILT_PRODUCTS_DIR)/rickandmorty.app/$(BUNDLE_EXECUTABLE_FOLDER_PATH)/rickandmorty";
			};
			name = Release;
		};
/* End XCBuildConfiguration section */

/* Begin XCConfigurationList section */
		4EFE89582B7FB58D0094E014 /* Build configuration list for PBXProject "rickandmorty" */ = {
			isa = XCConfigurationList;
			buildConfigurations = (
				4EFE897F2B7FB58E0094E014 /* Debug */,
				4EFE89802B7FB58E0094E014 /* Release */,
			);
			defaultConfigurationIsVisible = 0;
			defaultConfigurationName = Release;
		};
		4EFE89812B7FB58E0094E014 /* Build configuration list for PBXNativeTarget "rickandmorty" */ = {
			isa = XCConfigurationList;
			buildConfigurations = (
				4EFE89822B7FB58E0094E014 /* Debug */,
				4EFE89832B7FB58E0094E014 /* Release */,
			);
			defaultConfigurationIsVisible = 0;
			defaultConfigurationName = Release;
		};
		4EFE89842B7FB58E0094E014 /* Build configuration list for PBXNativeTarget "rickandmortyTests" */ = {
			isa = XCConfigurationList;
			buildConfigurations = (
				4EFE89852B7FB58E0094E014 /* Debug */,
				4EFE89862B7FB58E0094E014 /* Release */,
			);
			defaultConfigurationIsVisible = 0;
			defaultConfigurationName = Release;
		};
/* End XCConfigurationList section */

/* Begin XCVersionGroup section */
		4EFE89D72B8403F40094E014 /* RickAndMortyDataModel.xcdatamodeld */ = {
			isa = XCVersionGroup;
			children = (
				4EFE89D82B8403F40094E014 /* RickAndMortyDataModel.xcdatamodel */,
			);
			currentVersion = 4EFE89D82B8403F40094E014 /* RickAndMortyDataModel.xcdatamodel */;
			path = RickAndMortyDataModel.xcdatamodeld;
			sourceTree = "<group>";
			versionGroupType = wrapper.xcdatamodel;
		};
/* End XCVersionGroup section */
	};
	rootObject = 4EFE89552B7FB58D0094E014 /* Project object */;
}
